
Microsoft Visual Studio Solution File, Format Version 12.00
# Visual Studio 14
VisualStudioVersion = 14.0.25420.1
MinimumVisualStudioVersion = 10.0.40219.1
Project("{FAE04EC0-301F-11D3-BF4B-00C04F79EFBC}") = "Model_9H", "Model_9H\Model_9H.csproj", "{FCFA5DEE-52C2-4285-8AD7-E87762B5F6EC}"
EndProject
Project("{FAE04EC0-301F-11D3-BF4B-00C04F79EFBC}") = "DAL_9H", "DAL_9H\DAL_9H.csproj", "{423C97C2-055B-4023-95DD-02D6A34B547F}"
EndProject
Project("{FAE04EC0-301F-11D3-BF4B-00C04F79EFBC}") = "IDAL_9H", "IDAL_9H\IDAL_9H.csproj", "{ADC1BD71-09DE-4DF8-9471-058F2D7298BC}"
EndProject
Project("{FAE04EC0-301F-11D3-BF4B-00C04F79EFBC}") = "BLL_9H", "BLL_9H\BLL_9H.csproj", "{3EE586C8-8E1C-4EAC-ACAD-6CEBDB6BD692}"
EndProject
Project("{FAE04EC0-301F-11D3-BF4B-00C04F79EFBC}") = "IBLL_9H", "IBLL_9H\IBLL_9H.csproj", "{3C98994D-0F84-4B15-A818-E5FAA852BAF7}"
EndProject
Project("{FAE04EC0-301F-11D3-BF4B-00C04F79EFBC}") = "Helper_9H", "Helper_9H\Helper_9H.csproj", "{C48A1F4D-A1A4-457F-A0A6-F33238913917}"
EndProject
Project("{FAE04EC0-301F-11D3-BF4B-00C04F79EFBC}") = "Api_9H", "Api_9H\Api_9H.csproj", "{AA37C697-28B9-4A48-B49C-67D3FA95B582}"
EndProject
Global
	GlobalSection(SolutionConfigurationPlatforms) = preSolution
		Debug|Any CPU = Debug|Any CPU
		Release|Any CPU = Release|Any CPU
	EndGlobalSection
	GlobalSection(ProjectConfigurationPlatforms) = postSolution
		{FCFA5DEE-52C2-4285-8AD7-E87762B5F6EC}.Debug|Any CPU.ActiveCfg = Debug|Any CPU
		{FCFA5DEE-52C2-4285-8AD7-E87762B5F6EC}.Debug|Any CPU.Build.0 = Debug|Any CPU
		{FCFA5DEE-52C2-4285-8AD7-E87762B5F6EC}.Release|Any CPU.ActiveCfg = Release|Any CPU
		{FCFA5DEE-52C2-4285-8AD7-E87762B5F6EC}.Release|Any CPU.Build.0 = Release|Any CPU
		{423C97C2-055B-4023-95DD-02D6A34B547F}.Debug|Any CPU.ActiveCfg = Debug|Any CPU
		{423C97C2-055B-4023-95DD-02D6A34B547F}.Debug|Any CPU.Build.0 = Debug|Any CPU
		{423C97C2-055B-4023-95DD-02D6A34B547F}.Release|Any CPU.ActiveCfg = Release|Any CPU
		{423C97C2-055B-4023-95DD-02D6A34B547F}.Release|Any CPU.Build.0 = Release|Any CPU
		{ADC1BD71-09DE-4DF8-9471-058F2D7298BC}.Debug|Any CPU.ActiveCfg = Debug|Any CPU
		{ADC1BD71-09DE-4DF8-9471-058F2D7298BC}.Debug|Any CPU.Build.0 = Debug|Any CPU
		{ADC1BD71-09DE-4DF8-9471-058F2D7298BC}.Release|Any CPU.ActiveCfg = Release|Any CPU
		{ADC1BD71-09DE-4DF8-9471-058F2D7298BC}.Release|Any CPU.Build.0 = Release|Any CPU
		{3EE586C8-8E1C-4EAC-ACAD-6CEBDB6BD692}.Debug|Any CPU.ActiveCfg = Debug|Any CPU
		{3EE586C8-8E1C-4EAC-ACAD-6CEBDB6BD692}.Debug|Any CPU.Build.0 = Debug|Any CPU
		{3EE586C8-8E1C-4EAC-ACAD-6CEBDB6BD692}.Release|Any CPU.ActiveCfg = Release|Any CPU
		{3EE586C8-8E1C-4EAC-ACAD-6CEBDB6BD692}.Release|Any CPU.Build.0 = Release|Any CPU
		{3C98994D-0F84-4B15-A818-E5FAA852BAF7}.Debug|Any CPU.ActiveCfg = Debug|Any CPU
		{3C98994D-0F84-4B15-A818-E5FAA852BAF7}.Debug|Any CPU.Build.0 = Debug|Any CPU
		{3C98994D-0F84-4B15-A818-E5FAA852BAF7}.Release|Any CPU.ActiveCfg = Release|Any CPU
		{3C98994D-0F84-4B15-A818-E5FAA852BAF7}.Release|Any CPU.Build.0 = Release|Any CPU
		{C48A1F4D-A1A4-457F-A0A6-F33238913917}.Debug|Any CPU.ActiveCfg = Debug|Any CPU
		{C48A1F4D-A1A4-457F-A0A6-F33238913917}.Debug|Any CPU.Build.0 = Debug|Any CPU
		{C48A1F4D-A1A4-457F-A0A6-F33238913917}.Release|Any CPU.ActiveCfg = Release|Any CPU
		{C48A1F4D-A1A4-457F-A0A6-F33238913917}.Release|Any CPU.Build.0 = Release|Any CPU
		{AA37C697-28B9-4A48-B49C-67D3FA95B582}.Debug|Any CPU.ActiveCfg = Debug|Any CPU
		{AA37C697-28B9-4A48-B49C-67D3FA95B582}.Debug|Any CPU.Build.0 = Debug|Any CPU
		{AA37C697-28B9-4A48-B49C-67D3FA95B582}.Release|Any CPU.ActiveCfg = Release|Any CPU
		{AA37C697-28B9-4A48-B49C-67D3FA95B582}.Release|Any CPU.Build.0 = Release|Any CPU
	EndGlobalSection
	GlobalSection(SolutionProperties) = preSolution
		HideSolutionNode = FALSE
	EndGlobalSection
EndGlobal
